
Microsoft Visual Studio Solution File, Format Version 12.00
# Visual Studio Version 16
VisualStudioVersion = 16.0.32929.386
MinimumVisualStudioVersion = 10.0.40219.1
Project("{FAE04EC0-301F-11D3-BF4B-00C04F79EFBC}") = "CRUD_CS", "CRUD_CS\CRUD_CS.csproj", "{C056AC8B-9868-4F1A-ACCA-678551A98179}"
EndProject
Global
	GlobalSection(SolutionConfigurationPlatforms) = preSolution
		Debug|Any CPU = Debug|Any CPU
		Release|Any CPU = Release|Any CPU
	EndGlobalSection
	GlobalSection(ProjectConfigurationPlatforms) = postSolution
		{C056AC8B-9868-4F1A-ACCA-678551A98179}.Debug|Any CPU.ActiveCfg = Debug|Any CPU
		{C056AC8B-9868-4F1A-ACCA-678551A98179}.Debug|Any CPU.Build.0 = Debug|Any CPU
		{C056AC8B-9868-4F1A-ACCA-678551A98179}.Release|Any CPU.ActiveCfg = Release|Any CPU
		{C056AC8B-9868-4F1A-ACCA-678551A98179}.Release|Any CPU.Build.0 = Release|Any CPU
	EndGlobalSection
	GlobalSection(SolutionProperties) = preSolution
		HideSolutionNode = FALSE
	EndGlobalSection
	GlobalSection(ExtensibilityGlobals) = postSolution
		SolutionGuid = {0620165F-92F5-468A-996D-827D4AB7FF96}
	EndGlobalSection
EndGlobal
